
Microsoft Visual Studio Solution File, Format Version 12.00
Project("{FAE04EC0-301F-11D3-BF4B-00C04F79EFBC}") = "snake", "snake\snake.csproj", "{DFEAA21E-D1B9-46C3-9B23-8881C93067EC}"
EndProject
Global
	GlobalSection(SolutionConfigurationPlatforms) = preSolution
		Debug|Any CPU = Debug|Any CPU
		Release|Any CPU = Release|Any CPU
	EndGlobalSection
	GlobalSection(ProjectConfigurationPlatforms) = postSolution
		{DFEAA21E-D1B9-46C3-9B23-8881C93067EC}.Debug|Any CPU.ActiveCfg = Debug|Any CPU
		{DFEAA21E-D1B9-46C3-9B23-8881C93067EC}.Debug|Any CPU.Build.0 = Debug|Any CPU
		{DFEAA21E-D1B9-46C3-9B23-8881C93067EC}.Release|Any CPU.ActiveCfg = Release|Any CPU
		{DFEAA21E-D1B9-46C3-9B23-8881C93067EC}.Release|Any CPU.Build.0 = Release|Any CPU
	EndGlobalSection
EndGlobal
